
Microsoft Visual Studio Solution File, Format Version 12.00
# Visual Studio Version 16
VisualStudioVersion = 16.0.810.19
MinimumVisualStudioVersion = 10.0.40219.1
Project("{FAE04EC0-301F-11D3-BF4B-00C04F79EFBC}") = "MonsterHunterInventory", "MonsterHunterInventory\MonsterHunterInventory.csproj", "{CC6E6776-7260-49C7-AE37-D1A74847A591}"
EndProject
Global
	GlobalSection(SolutionConfigurationPlatforms) = preSolution
		Debug|Any CPU = Debug|Any CPU
		Release|Any CPU = Release|Any CPU
	EndGlobalSection
	GlobalSection(ProjectConfigurationPlatforms) = postSolution
		{CC6E6776-7260-49C7-AE37-D1A74847A591}.Debug|Any CPU.ActiveCfg = Debug|Any CPU
		{CC6E6776-7260-49C7-AE37-D1A74847A591}.Debug|Any CPU.Build.0 = Debug|Any CPU
		{CC6E6776-7260-49C7-AE37-D1A74847A591}.Release|Any CPU.ActiveCfg = Release|Any CPU
		{CC6E6776-7260-49C7-AE37-D1A74847A591}.Release|Any CPU.Build.0 = Release|Any CPU
	EndGlobalSection
	GlobalSection(SolutionProperties) = preSolution
		HideSolutionNode = FALSE
	EndGlobalSection
	GlobalSection(ExtensibilityGlobals) = postSolution
		SolutionGuid = {6BF670DD-0A04-4A2E-B4C7-A2EE450B620B}
	EndGlobalSection
EndGlobal
